// !$*UTF8*$!
{
	archiveVersion = 1;
	classes = {
	};
	objectVersion = 50;
	objects = {

/* Begin PBXBuildFile section */
		62BEAFFE25516C040078EEBF /* AppDelegate.swift in Sources */ = {isa = PBXBuildFile; fileRef = 62BEAFFD25516C040078EEBF /* AppDelegate.swift */; };
		62BEB00725516C060078EEBF /* Assets.xcassets in Resources */ = {isa = PBXBuildFile; fileRef = 62BEB00625516C060078EEBF /* Assets.xcassets */; };
		62BEB00A25516C060078EEBF /* LaunchScreen.storyboard in Resources */ = {isa = PBXBuildFile; fileRef = 62BEB00825516C060078EEBF /* LaunchScreen.storyboard */; };
		62BEB01825516FBE0078EEBF /* TabBarViewController.swift in Sources */ = {isa = PBXBuildFile; fileRef = 62BEB01725516FBE0078EEBF /* TabBarViewController.swift */; };
		62BEB026255170620078EEBF /* PriceViewController.swift in Sources */ = {isa = PBXBuildFile; fileRef = 62BEB025255170620078EEBF /* PriceViewController.swift */; };
		62BEB02A2551706F0078EEBF /* Price.storyboard in Resources */ = {isa = PBXBuildFile; fileRef = 62BEB0292551706F0078EEBF /* Price.storyboard */; };
		62BEB02D255170B00078EEBF /* PicturesViewController.swift in Sources */ = {isa = PBXBuildFile; fileRef = 62BEB02C255170B00078EEBF /* PicturesViewController.swift */; };
		62BEB030255170C90078EEBF /* Pictures.storyboard in Resources */ = {isa = PBXBuildFile; fileRef = 62BEB02F255170C90078EEBF /* Pictures.storyboard */; };
		62BEB033255170F10078EEBF /* PicturesCollectionViewCell.swift in Sources */ = {isa = PBXBuildFile; fileRef = 62BEB032255170F10078EEBF /* PicturesCollectionViewCell.swift */; };
		62BEB036255171030078EEBF /* Pictures.swift in Sources */ = {isa = PBXBuildFile; fileRef = 62BEB035255171030078EEBF /* Pictures.swift */; };
		62BEB042255171A50078EEBF /* VideoViewController.swift in Sources */ = {isa = PBXBuildFile; fileRef = 62BEB041255171A50078EEBF /* VideoViewController.swift */; };
		62BEB045255171C20078EEBF /* Video.storyboard in Resources */ = {isa = PBXBuildFile; fileRef = 62BEB044255171C20078EEBF /* Video.storyboard */; };
		62BEB048255171F20078EEBF /* VideoTableViewCell.swift in Sources */ = {isa = PBXBuildFile; fileRef = 62BEB047255171F20078EEBF /* VideoTableViewCell.swift */; };
		62BEB04B255172080078EEBF /* CoverModel.swift in Sources */ = {isa = PBXBuildFile; fileRef = 62BEB04A255172080078EEBF /* CoverModel.swift */; };
		62BEB04E255172310078EEBF /* PlayerViewController.swift in Sources */ = {isa = PBXBuildFile; fileRef = 62BEB04D255172310078EEBF /* PlayerViewController.swift */; };
		62BEB0512551725C0078EEBF /* Player.storyboard in Resources */ = {isa = PBXBuildFile; fileRef = 62BEB0502551725C0078EEBF /* Player.storyboard */; };
		62BEB0542551727E0078EEBF /* Video.swift in Sources */ = {isa = PBXBuildFile; fileRef = 62BEB0532551727E0078EEBF /* Video.swift */; };
		62BEB057255172970078EEBF /* ContentModel.swift in Sources */ = {isa = PBXBuildFile; fileRef = 62BEB056255172970078EEBF /* ContentModel.swift */; };
/* End PBXBuildFile section */

/* Begin PBXFileReference section */
		62BEAFFA25516C040078EEBF /* Liepota.app */ = {isa = PBXFileReference; explicitFileType = wrapper.application; includeInIndex = 0; path = Liepota.app; sourceTree = BUILT_PRODUCTS_DIR; };
		62BEAFFD25516C040078EEBF /* AppDelegate.swift */ = {isa = PBXFileReference; lastKnownFileType = sourcecode.swift; path = AppDelegate.swift; sourceTree = "<group>"; };
		62BEB00625516C060078EEBF /* Assets.xcassets */ = {isa = PBXFileReference; lastKnownFileType = folder.assetcatalog; path = Assets.xcassets; sourceTree = "<group>"; };
		62BEB00925516C060078EEBF /* Base */ = {isa = PBXFileReference; lastKnownFileType = file.storyboard; name = Base; path = Base.lproj/LaunchScreen.storyboard; sourceTree = "<group>"; };
		62BEB00B25516C060078EEBF /* Info.plist */ = {isa = PBXFileReference; lastKnownFileType = text.plist.xml; path = Info.plist; sourceTree = "<group>"; };
		62BEB01725516FBE0078EEBF /* TabBarViewController.swift */ = {isa = PBXFileReference; lastKnownFileType = sourcecode.swift; path = TabBarViewController.swift; sourceTree = "<group>"; };
		62BEB025255170620078EEBF /* PriceViewController.swift */ = {isa = PBXFileReference; lastKnownFileType = sourcecode.swift; path = PriceViewController.swift; sourceTree = "<group>"; };
		62BEB0292551706F0078EEBF /* Price.storyboard */ = {isa = PBXFileReference; lastKnownFileType = file.storyboard; path = Price.storyboard; sourceTree = "<group>"; };
		62BEB02C255170B00078EEBF /* PicturesViewController.swift */ = {isa = PBXFileReference; lastKnownFileType = sourcecode.swift; path = PicturesViewController.swift; sourceTree = "<group>"; };
		62BEB02F255170C90078EEBF /* Pictures.storyboard */ = {isa = PBXFileReference; lastKnownFileType = file.storyboard; path = Pictures.storyboard; sourceTree = "<group>"; };
		62BEB032255170F10078EEBF /* PicturesCollectionViewCell.swift */ = {isa = PBXFileReference; lastKnownFileType = sourcecode.swift; path = PicturesCollectionViewCell.swift; sourceTree = "<group>"; };
		62BEB035255171030078EEBF /* Pictures.swift */ = {isa = PBXFileReference; lastKnownFileType = sourcecode.swift; path = Pictures.swift; sourceTree = "<group>"; };
		62BEB041255171A50078EEBF /* VideoViewController.swift */ = {isa = PBXFileReference; lastKnownFileType = sourcecode.swift; path = VideoViewController.swift; sourceTree = "<group>"; };
		62BEB044255171C20078EEBF /* Video.storyboard */ = {isa = PBXFileReference; lastKnownFileType = file.storyboard; path = Video.storyboard; sourceTree = "<group>"; };
		62BEB047255171F20078EEBF /* VideoTableViewCell.swift */ = {isa = PBXFileReference; lastKnownFileType = sourcecode.swift; path = VideoTableViewCell.swift; sourceTree = "<group>"; };
		62BEB04A255172080078EEBF /* CoverModel.swift */ = {isa = PBXFileReference; lastKnownFileType = sourcecode.swift; path = CoverModel.swift; sourceTree = "<group>"; };
		62BEB04D255172310078EEBF /* PlayerViewController.swift */ = {isa = PBXFileReference; lastKnownFileType = sourcecode.swift; path = PlayerViewController.swift; sourceTree = "<group>"; };
		62BEB0502551725C0078EEBF /* Player.storyboard */ = {isa = PBXFileReference; lastKnownFileType = file.storyboard; path = Player.storyboard; sourceTree = "<group>"; };
		62BEB0532551727E0078EEBF /* Video.swift */ = {isa = PBXFileReference; lastKnownFileType = sourcecode.swift; path = Video.swift; sourceTree = "<group>"; };
		62BEB056255172970078EEBF /* ContentModel.swift */ = {isa = PBXFileReference; lastKnownFileType = sourcecode.swift; path = ContentModel.swift; sourceTree = "<group>"; };
/* End PBXFileReference section */

/* Begin PBXFrameworksBuildPhase section */
		62BEAFF725516C040078EEBF /* Frameworks */ = {
			isa = PBXFrameworksBuildPhase;
			buildActionMask = 2147483647;
			files = (
			);
			runOnlyForDeploymentPostprocessing = 0;
		};
/* End PBXFrameworksBuildPhase section */

/* Begin PBXGroup section */
		62BEAFF125516C040078EEBF = {
			isa = PBXGroup;
			children = (
				62BEAFFC25516C040078EEBF /* Liepota */,
				62BEAFFB25516C040078EEBF /* Products */,
			);
			sourceTree = "<group>";
		};
		62BEAFFB25516C040078EEBF /* Products */ = {
			isa = PBXGroup;
			children = (
				62BEAFFA25516C040078EEBF /* Liepota.app */,
			);
			name = Products;
			sourceTree = "<group>";
		};
		62BEAFFC25516C040078EEBF /* Liepota */ = {
			isa = PBXGroup;
			children = (
				62BEB01B25516FEF0078EEBF /* Groups */,
				62BEB01525516F990078EEBF /* TabBar */,
				62BEAFFD25516C040078EEBF /* AppDelegate.swift */,
				62BEB00625516C060078EEBF /* Assets.xcassets */,
				62BEB00825516C060078EEBF /* LaunchScreen.storyboard */,
				62BEB00B25516C060078EEBF /* Info.plist */,
			);
			path = Liepota;
			sourceTree = "<group>";
		};
		62BEB01525516F990078EEBF /* TabBar */ = {
			isa = PBXGroup;
			children = (
				62BEB01625516FA20078EEBF /* ViewController */,
			);
			path = TabBar;
			sourceTree = "<group>";
		};
		62BEB01625516FA20078EEBF /* ViewController */ = {
			isa = PBXGroup;
			children = (
				62BEB01725516FBE0078EEBF /* TabBarViewController.swift */,
			);
			path = ViewController;
			sourceTree = "<group>";
		};
		62BEB01B25516FEF0078EEBF /* Groups */ = {
			isa = PBXGroup;
			children = (
				62BEB01D255170040078EEBF /* Video */,
				62BEB01C25516FFE0078EEBF /* Price */,
			);
			path = Groups;
			sourceTree = "<group>";
		};
		62BEB01C25516FFE0078EEBF /* Price */ = {
			isa = PBXGroup;
			children = (
				62BEB020255170260078EEBF /* Pictures */,
				62BEB01F2551701C0078EEBF /* Storyboard */,
				62BEB01E255170150078EEBF /* ViewController */,
			);
			path = Price;
			sourceTree = "<group>";
		};
		62BEB01D255170040078EEBF /* Video */ = {
			isa = PBXGroup;
			children = (
				62BEB03D255171600078EEBF /* Player */,
				62BEB03B255171500078EEBF /* Model */,
				62BEB03A2551714A0078EEBF /* Cell */,
				62BEB0392551713F0078EEBF /* Storyboard */,
				62BEB038255171350078EEBF /* ViewController */,
			);
			path = Video;
			sourceTree = "<group>";
		};
		62BEB01E255170150078EEBF /* ViewController */ = {
			isa = PBXGroup;
			children = (
				62BEB025255170620078EEBF /* PriceViewController.swift */,
			);
			path = ViewController;
			sourceTree = "<group>";
		};
		62BEB01F2551701C0078EEBF /* Storyboard */ = {
			isa = PBXGroup;
			children = (
				62BEB0292551706F0078EEBF /* Price.storyboard */,
			);
			path = Storyboard;
			sourceTree = "<group>";
		};
		62BEB020255170260078EEBF /* Pictures */ = {
			isa = PBXGroup;
			children = (
				62BEB024255170430078EEBF /* Model */,
				62BEB0232551703E0078EEBF /* Cell */,
				62BEB022255170340078EEBF /* Storyboard */,
				62BEB0212551702D0078EEBF /* ViewController */,
			);
			path = Pictures;
			sourceTree = "<group>";
		};
		62BEB0212551702D0078EEBF /* ViewController */ = {
			isa = PBXGroup;
			children = (
				62BEB02C255170B00078EEBF /* PicturesViewController.swift */,
			);
			path = ViewController;
			sourceTree = "<group>";
		};
		62BEB022255170340078EEBF /* Storyboard */ = {
			isa = PBXGroup;
			children = (
				62BEB02F255170C90078EEBF /* Pictures.storyboard */,
			);
			path = Storyboard;
			sourceTree = "<group>";
		};
		62BEB0232551703E0078EEBF /* Cell */ = {
			isa = PBXGroup;
			children = (
				62BEB032255170F10078EEBF /* PicturesCollectionViewCell.swift */,
			);
			path = Cell;
			sourceTree = "<group>";
		};
		62BEB024255170430078EEBF /* Model */ = {
			isa = PBXGroup;
			children = (
				62BEB035255171030078EEBF /* Pictures.swift */,
			);
			path = Model;
			sourceTree = "<group>";
		};
		62BEB038255171350078EEBF /* ViewController */ = {
			isa = PBXGroup;
			children = (
				62BEB041255171A50078EEBF /* VideoViewController.swift */,
			);
			path = ViewController;
			sourceTree = "<group>";
		};
		62BEB0392551713F0078EEBF /* Storyboard */ = {
			isa = PBXGroup;
			children = (
				62BEB044255171C20078EEBF /* Video.storyboard */,
			);
			path = Storyboard;
			sourceTree = "<group>";
		};
		62BEB03A2551714A0078EEBF /* Cell */ = {
			isa = PBXGroup;
			children = (
				62BEB047255171F20078EEBF /* VideoTableViewCell.swift */,
			);
			path = Cell;
			sourceTree = "<group>";
		};
		62BEB03B255171500078EEBF /* Model */ = {
			isa = PBXGroup;
			children = (
				62BEB04A255172080078EEBF /* CoverModel.swift */,
			);
			path = Model;
			sourceTree = "<group>";
		};
		62BEB03D255171600078EEBF /* Player */ = {
			isa = PBXGroup;
			children = (
				62BEB040255171780078EEBF /* Model */,
				62BEB03F255171700078EEBF /* Storyboard */,
				62BEB03E255171690078EEBF /* ViewController */,
			);
			path = Player;
			sourceTree = "<group>";
		};
		62BEB03E255171690078EEBF /* ViewController */ = {
			isa = PBXGroup;
			children = (
				62BEB04D255172310078EEBF /* PlayerViewController.swift */,
			);
			path = ViewController;
			sourceTree = "<group>";
		};
		62BEB03F255171700078EEBF /* Storyboard */ = {
			isa = PBXGroup;
			children = (
				62BEB0502551725C0078EEBF /* Player.storyboard */,
			);
			path = Storyboard;
			sourceTree = "<group>";
		};
		62BEB040255171780078EEBF /* Model */ = {
			isa = PBXGroup;
			children = (
				62BEB0532551727E0078EEBF /* Video.swift */,
				62BEB056255172970078EEBF /* ContentModel.swift */,
			);
			path = Model;
			sourceTree = "<group>";
		};
/* End PBXGroup section */

/* Begin PBXNativeTarget section */
		62BEAFF925516C040078EEBF /* Liepota */ = {
			isa = PBXNativeTarget;
			buildConfigurationList = 62BEB00E25516C060078EEBF /* Build configuration list for PBXNativeTarget "Liepota" */;
			buildPhases = (
				62BEAFF625516C040078EEBF /* Sources */,
				62BEAFF725516C040078EEBF /* Frameworks */,
				62BEAFF825516C040078EEBF /* Resources */,
			);
			buildRules = (
			);
			dependencies = (
			);
			name = Liepota;
			productName = Liepota;
			productReference = 62BEAFFA25516C040078EEBF /* Liepota.app */;
			productType = "com.apple.product-type.application";
		};
/* End PBXNativeTarget section */

/* Begin PBXProject section */
		62BEAFF225516C040078EEBF /* Project object */ = {
			isa = PBXProject;
			attributes = {
				LastSwiftUpdateCheck = 1200;
				LastUpgradeCheck = 1200;
				TargetAttributes = {
					62BEAFF925516C040078EEBF = {
						CreatedOnToolsVersion = 12.0.1;
					};
				};
			};
			buildConfigurationList = 62BEAFF525516C040078EEBF /* Build configuration list for PBXProject "Liepota" */;
			compatibilityVersion = "Xcode 9.3";
			developmentRegion = en;
			hasScannedForEncodings = 0;
			knownRegions = (
				en,
				Base,
			);
			mainGroup = 62BEAFF125516C040078EEBF;
			productRefGroup = 62BEAFFB25516C040078EEBF /* Products */;
			projectDirPath = "";
			projectRoot = "";
			targets = (
				62BEAFF925516C040078EEBF /* Liepota */,
			);
		};
/* End PBXProject section */

/* Begin PBXResourcesBuildPhase section */
		62BEAFF825516C040078EEBF /* Resources */ = {
			isa = PBXResourcesBuildPhase;
			buildActionMask = 2147483647;
			files = (
				62BEB00A25516C060078EEBF /* LaunchScreen.storyboard in Resources */,
				62BEB030255170C90078EEBF /* Pictures.storyboard in Resources */,
				62BEB02A2551706F0078EEBF /* Price.storyboard in Resources */,
				62BEB00725516C060078EEBF /* Assets.xcassets in Resources */,
				62BEB045255171C20078EEBF /* Video.storyboard in Resources */,
				62BEB0512551725C0078EEBF /* Player.storyboard in Resources */,
			);
			runOnlyForDeploymentPostprocessing = 0;
		};
/* End PBXResourcesBuildPhase section */

/* Begin PBXSourcesBuildPhase section */
		62BEAFF625516C040078EEBF /* Sources */ = {
			isa = PBXSourcesBuildPhase;
			buildActionMask = 2147483647;
			files = (
				62BEB036255171030078EEBF /* Pictures.swift in Sources */,
				62BEB042255171A50078EEBF /* VideoViewController.swift in Sources */,
				62BEB01825516FBE0078EEBF /* TabBarViewController.swift in Sources */,
				62BEB02D255170B00078EEBF /* PicturesViewController.swift in Sources */,
				62BEB033255170F10078EEBF /* PicturesCollectionViewCell.swift in Sources */,
				62BEB057255172970078EEBF /* ContentModel.swift in Sources */,
				62BEB048255171F20078EEBF /* VideoTableViewCell.swift in Sources */,
				62BEAFFE25516C040078EEBF /* AppDelegate.swift in Sources */,
				62BEB0542551727E0078EEBF /* Video.swift in Sources */,
				62BEB026255170620078EEBF /* PriceViewController.swift in Sources */,
				62BEB04B255172080078EEBF /* CoverModel.swift in Sources */,
				62BEB04E255172310078EEBF /* PlayerViewController.swift in Sources */,
			);
			runOnlyForDeploymentPostprocessing = 0;
		};
/* End PBXSourcesBuildPhase section */

/* Begin PBXVariantGroup section */
		62BEB00825516C060078EEBF /* LaunchScreen.storyboard */ = {
			isa = PBXVariantGroup;
			children = (
				62BEB00925516C060078EEBF /* Base */,
			);
			name = LaunchScreen.storyboard;
			sourceTree = "<group>";
		};
/* End PBXVariantGroup section */

/* Begin XCBuildConfiguration section */
		62BEB00C25516C060078EEBF /* Debug */ = {
			isa = XCBuildConfiguration;
			buildSettings = {
				ALWAYS_SEARCH_USER_PATHS = NO;
				CLANG_ANALYZER_NONNULL = YES;
				CLANG_ANALYZER_NUMBER_OBJECT_CONVERSION = YES_AGGRESSIVE;
				CLANG_CXX_LANGUAGE_STANDARD = "gnu++14";
				CLANG_CXX_LIBRARY = "libc++";
				CLANG_ENABLE_MODULES = YES;
				CLANG_ENABLE_OBJC_ARC = YES;
				CLANG_ENABLE_OBJC_WEAK = YES;
				CLANG_WARN_BLOCK_CAPTURE_AUTORELEASING = YES;
				CLANG_WARN_BOOL_CONVERSION = YES;
				CLANG_WARN_COMMA = YES;
				CLANG_WARN_CONSTANT_CONVERSION = YES;
				CLANG_WARN_DEPRECATED_OBJC_IMPLEMENTATIONS = YES;
				CLANG_WARN_DIRECT_OBJC_ISA_USAGE = YES_ERROR;
				CLANG_WARN_DOCUMENTATION_COMMENTS = YES;
				CLANG_WARN_EMPTY_BODY = YES;
				CLANG_WARN_ENUM_CONVERSION = YES;
				CLANG_WARN_INFINITE_RECURSION = YES;
				CLANG_WARN_INT_CONVERSION = YES;
				CLANG_WARN_NON_LITERAL_NULL_CONVERSION = YES;
				CLANG_WARN_OBJC_IMPLICIT_RETAIN_SELF = YES;
				CLANG_WARN_OBJC_LITERAL_CONVERSION = YES;
				CLANG_WARN_OBJC_ROOT_CLASS = YES_ERROR;
				CLANG_WARN_QUOTED_INCLUDE_IN_FRAMEWORK_HEADER = YES;
				CLANG_WARN_RANGE_LOOP_ANALYSIS = YES;
				CLANG_WARN_STRICT_PROTOTYPES = YES;
				CLANG_WARN_SUSPICIOUS_MOVE = YES;
				CLANG_WARN_UNGUARDED_AVAILABILITY = YES_AGGRESSIVE;
				CLANG_WARN_UNREACHABLE_CODE = YES;
				CLANG_WARN__DUPLICATE_METHOD_MATCH = YES;
				COPY_PHASE_STRIP = NO;
				DEBUG_INFORMATION_FORMAT = dwarf;
				ENABLE_STRICT_OBJC_MSGSEND = YES;
				ENABLE_TESTABILITY = YES;
				GCC_C_LANGUAGE_STANDARD = gnu11;
				GCC_DYNAMIC_NO_PIC = NO;
				GCC_NO_COMMON_BLOCKS = YES;
				GCC_OPTIMIZATION_LEVEL = 0;
				GCC_PREPROCESSOR_DEFINITIONS = (
					"DEBUG=1",
					"$(inherited)",
				);
				GCC_WARN_64_TO_32_BIT_CONVERSION = YES;
				GCC_WARN_ABOUT_RETURN_TYPE = YES_ERROR;
				GCC_WARN_UNDECLARED_SELECTOR = YES;
				GCC_WARN_UNINITIALIZED_AUTOS = YES_AGGRESSIVE;
				GCC_WARN_UNUSED_FUNCTION = YES;
				GCC_WARN_UNUSED_VARIABLE = YES;
				IPHONEOS_DEPLOYMENT_TARGET = 12.0;
				MTL_ENABLE_DEBUG_INFO = INCLUDE_SOURCE;
				MTL_FAST_MATH = YES;
				ONLY_ACTIVE_ARCH = YES;
				SDKROOT = iphoneos;
				SWIFT_ACTIVE_COMPILATION_CONDITIONS = DEBUG;
				SWIFT_OPTIMIZATION_LEVEL = "-Onone";
			};
			name = Debug;
		};
		62BEB00D25516C060078EEBF /* Release */ = {
			isa = XCBuildConfiguration;
			buildSettings = {
				ALWAYS_SEARCH_USER_PATHS = NO;
				CLANG_ANALYZER_NONNULL = YES;
				CLANG_ANALYZER_NUMBER_OBJECT_CONVERSION = YES_AGGRESSIVE;
				CLANG_CXX_LANGUAGE_STANDARD = "gnu++14";
				CLANG_CXX_LIBRARY = "libc++";
				CLANG_ENABLE_MODULES = YES;
				CLANG_ENABLE_OBJC_ARC = YES;
				CLANG_ENABLE_OBJC_WEAK = YES;
				CLANG_WARN_BLOCK_CAPTURE_AUTORELEASING = YES;
				CLANG_WARN_BOOL_CONVERSION = YES;
				CLANG_WARN_COMMA = YES;
				CLANG_WARN_CONSTANT_CONVERSION = YES;
				CLANG_WARN_DEPRECATED_OBJC_IMPLEMENTATIONS = YES;
				CLANG_WARN_DIRECT_OBJC_ISA_USAGE = YES_ERROR;
				CLANG_WARN_DOCUMENTATION_COMMENTS = YES;
				CLANG_WARN_EMPTY_BODY = YES;
				CLANG_WARN_ENUM_CONVERSION = YES;
				CLANG_WARN_INFINITE_RECURSION = YES;
				CLANG_WARN_INT_CONVERSION = YES;
				CLANG_WARN_NON_LITERAL_NULL_CONVERSION = YES;
				CLANG_WARN_OBJC_IMPLICIT_RETAIN_SELF = YES;
				CLANG_WARN_OBJC_LITERAL_CONVERSION = YES;
				CLANG_WARN_OBJC_ROOT_CLASS = YES_ERROR;
				CLANG_WARN_QUOTED_INCLUDE_IN_FRAMEWORK_HEADER = YES;
				CLANG_WARN_RANGE_LOOP_ANALYSIS = YES;
				CLANG_WARN_STRICT_PROTOTYPES = YES;
				CLANG_WARN_SUSPICIOUS_MOVE = YES;
				CLANG_WARN_UNGUARDED_AVAILABILITY = YES_AGGRESSIVE;
				CLANG_WARN_UNREACHABLE_CODE = YES;
				CLANG_WARN__DUPLICATE_METHOD_MATCH = YES;
				COPY_PHASE_STRIP = NO;
				DEBUG_INFORMATION_FORMAT = "dwarf-with-dsym";
				ENABLE_NS_ASSERTIONS = NO;
				ENABLE_STRICT_OBJC_MSGSEND = YES;
				GCC_C_LANGUAGE_STANDARD = gnu11;
				GCC_NO_COMMON_BLOCKS = YES;
				GCC_WARN_64_TO_32_BIT_CONVERSION = YES;
				GCC_WARN_ABOUT_RETURN_TYPE = YES_ERROR;
				GCC_WARN_UNDECLARED_SELECTOR = YES;
				GCC_WARN_UNINITIALIZED_AUTOS = YES_AGGRESSIVE;
				GCC_WARN_UNUSED_FUNCTION = YES;
				GCC_WARN_UNUSED_VARIABLE = YES;
				IPHONEOS_DEPLOYMENT_TARGET = 12.0;
				MTL_ENABLE_DEBUG_INFO = NO;
				MTL_FAST_MATH = YES;
				SDKROOT = iphoneos;
				SWIFT_COMPILATION_MODE = wholemodule;
				SWIFT_OPTIMIZATION_LEVEL = "-O";
				VALIDATE_PRODUCT = YES;
			};
			name = Release;
		};
		62BEB00F25516C060078EEBF /* Debug */ = {
			isa = XCBuildConfiguration;
			buildSettings = {
				ASSETCATALOG_COMPILER_APPICON_NAME = AppIcon;
				ASSETCATALOG_COMPILER_GLOBAL_ACCENT_COLOR_NAME = AccentColor;
				CODE_SIGN_STYLE = Automatic;
				INFOPLIST_FILE = Liepota/Info.plist;
				IPHONEOS_DEPLOYMENT_TARGET = 12.0;
				LD_RUNPATH_SEARCH_PATHS = (
					"$(inherited)",
					"@executable_path/Frameworks",
				);
				PRODUCT_BUNDLE_IDENTIFIER = Myself.Liepota;
				PRODUCT_NAME = "$(TARGET_NAME)";
				SWIFT_VERSION = 5.0;
				TARGETED_DEVICE_FAMILY = 1;
			};
			name = Debug;
		};
		62BEB01025516C060078EEBF /* Release */ = {
			isa = XCBuildConfiguration;
			buildSettings = {
				ASSETCATALOG_COMPILER_APPICON_NAME = AppIcon;
				ASSETCATALOG_COMPILER_GLOBAL_ACCENT_COLOR_NAME = AccentColor;
				CODE_SIGN_STYLE = Automatic;
				INFOPLIST_FILE = Liepota/Info.plist;
				IPHONEOS_DEPLOYMENT_TARGET = 12.0;
				LD_RUNPATH_SEARCH_PATHS = (
					"$(inherited)",
					"@executable_path/Frameworks",
				);
				PRODUCT_BUNDLE_IDENTIFIER = Myself.Liepota;
				PRODUCT_NAME = "$(TARGET_NAME)";
				SWIFT_VERSION = 5.0;
				TARGETED_DEVICE_FAMILY = 1;
			};
			name = Release;
		};
/* End XCBuildConfiguration section */

/* Begin XCConfigurationList section */
		62BEAFF525516C040078EEBF /* Build configuration list for PBXProject "Liepota" */ = {
			isa = XCConfigurationList;
			buildConfigurations = (
				62BEB00C25516C060078EEBF /* Debug */,
				62BEB00D25516C060078EEBF /* Release */,
			);
			defaultConfigurationIsVisible = 0;
			defaultConfigurationName = Release;
		};
		62BEB00E25516C060078EEBF /* Build configuration list for PBXNativeTarget "Liepota" */ = {
			isa = XCConfigurationList;
			buildConfigurations = (
				62BEB00F25516C060078EEBF /* Debug */,
				62BEB01025516C060078EEBF /* Release */,
			);
			defaultConfigurationIsVisible = 0;
			defaultConfigurationName = Release;
		};
/* End XCConfigurationList section */
	};
	rootObject = 62BEAFF225516C040078EEBF /* Project object */;
}
